{
  "name": "public",
  "version": "1.0.0",
  "lockfileVersion": 1,
  "requires": true,
  "dependencies": {
    "@ckeditor/ckeditor5-build-classic": {
      "version": "11.1.1",
      "resolved": "http://registry.npm.taobao.org/@ckeditor/ckeditor5-build-classic/download/@ckeditor/ckeditor5-build-classic-11.1.1.tgz",
      "integrity": "sha1-LrNwa8g2QL3F9tUOOgYKpwz0lao="
    }
  }
}
